
Microsoft Visual Studio Solution File, Format Version 12.00
Project("{FAE04EC0-301F-11D3-BF4B-00C04F79EFBC}") = "NetStandardWithDot", "NetStandardWithDot\NetStandardWithDot.csproj", "{882FBEB7-387B-41B5-A24B-642C20C76F53}"
EndProject
Project("{FAE04EC0-301F-11D3-BF4B-00C04F79EFBC}") = "NetStandardWithoutDot", "NetStandardWithoutDot\NetStandardWithoutDot.csproj", "{40EDA19A-8672-472B-B437-666EB4E0731B}"
EndProject
Global
	GlobalSection(SolutionConfigurationPlatforms) = preSolution
		Debug|Any CPU = Debug|Any CPU
		Release|Any CPU = Release|Any CPU
	EndGlobalSection
	GlobalSection(ProjectConfigurationPlatforms) = postSolution
		{882FBEB7-387B-41B5-A24B-642C20C76F53}.Debug|Any CPU.ActiveCfg = Debug|Any CPU
		{882FBEB7-387B-41B5-A24B-642C20C76F53}.Debug|Any CPU.Build.0 = Debug|Any CPU
		{882FBEB7-387B-41B5-A24B-642C20C76F53}.Release|Any CPU.ActiveCfg = Release|Any CPU
		{882FBEB7-387B-41B5-A24B-642C20C76F53}.Release|Any CPU.Build.0 = Release|Any CPU
		{40EDA19A-8672-472B-B437-666EB4E0731B}.Debug|Any CPU.ActiveCfg = Debug|Any CPU
		{40EDA19A-8672-472B-B437-666EB4E0731B}.Debug|Any CPU.Build.0 = Debug|Any CPU
		{40EDA19A-8672-472B-B437-666EB4E0731B}.Release|Any CPU.ActiveCfg = Release|Any CPU
		{40EDA19A-8672-472B-B437-666EB4E0731B}.Release|Any CPU.Build.0 = Release|Any CPU
	EndGlobalSection
EndGlobal
